
Microsoft Visual Studio Solution File, Format Version 12.00
# Visual Studio 15
VisualStudioVersion = 15.0.27130.2036
MinimumVisualStudioVersion = 10.0.40219.1
Project("{FAE04EC0-301F-11D3-BF4B-00C04F79EFBC}") = "LittleHttpServer", "LittleHttpServer\LittleHttpServer.csproj", "{D4B81248-B3E8-4BAA-9032-0B08B1FD1325}"
EndProject
Project("{FAE04EC0-301F-11D3-BF4B-00C04F79EFBC}") = "TestServer", "TestServer\TestServer.csproj", "{799CEDBF-732A-4029-81A0-ABA07831A2D7}"
EndProject
Global
	GlobalSection(SolutionConfigurationPlatforms) = preSolution
		Debug|Any CPU = Debug|Any CPU
		Release|Any CPU = Release|Any CPU
	EndGlobalSection
	GlobalSection(ProjectConfigurationPlatforms) = postSolution
		{D4B81248-B3E8-4BAA-9032-0B08B1FD1325}.Debug|Any CPU.ActiveCfg = Debug|Any CPU
		{D4B81248-B3E8-4BAA-9032-0B08B1FD1325}.Debug|Any CPU.Build.0 = Debug|Any CPU
		{D4B81248-B3E8-4BAA-9032-0B08B1FD1325}.Release|Any CPU.ActiveCfg = Release|Any CPU
		{D4B81248-B3E8-4BAA-9032-0B08B1FD1325}.Release|Any CPU.Build.0 = Release|Any CPU
		{799CEDBF-732A-4029-81A0-ABA07831A2D7}.Debug|Any CPU.ActiveCfg = Debug|Any CPU
		{799CEDBF-732A-4029-81A0-ABA07831A2D7}.Debug|Any CPU.Build.0 = Debug|Any CPU
		{799CEDBF-732A-4029-81A0-ABA07831A2D7}.Release|Any CPU.ActiveCfg = Release|Any CPU
		{799CEDBF-732A-4029-81A0-ABA07831A2D7}.Release|Any CPU.Build.0 = Release|Any CPU
	EndGlobalSection
	GlobalSection(SolutionProperties) = preSolution
		HideSolutionNode = FALSE
	EndGlobalSection
	GlobalSection(ExtensibilityGlobals) = postSolution
		SolutionGuid = {6646C988-BA4C-46BB-A4A8-A0643BEBE53F}
	EndGlobalSection
EndGlobal
